# This file was autogenerated by Stack.
# You should not edit this file by hand.
# For more information, please see the documentation at:
#   https://docs.haskellstack.org/en/stable/topics/lock_files

packages:
- completed:
    commit: 0f50a9cfd947885cac7fc392a5295cffe0b3ac31
    git: https://github.com/ku-fpg/netlist
    name: netlist
    pantry-tree:
      sha256: fafc256f2595b561771da31728d93adf005631be05816082684b667f0e5b219f
      size: 465
    subdir: netlist
    version: 0.3.1
  original:
    commit: 0f50a9cfd947885cac7fc392a5295cffe0b3ac31
    git: https://github.com/ku-fpg/netlist
    subdir: netlist
- completed:
    commit: 0f50a9cfd947885cac7fc392a5295cffe0b3ac31
    git: https://github.com/ku-fpg/netlist
    name: verilog
    pantry-tree:
      sha256: 44491c97ace0cf5ecbaae582733fd5b0c069d4dee75f27bffb8d6b84c1e423b7
      size: 5221
    subdir: verilog
    version: '0.2'
  original:
    commit: 0f50a9cfd947885cac7fc392a5295cffe0b3ac31
    git: https://github.com/ku-fpg/netlist
    subdir: verilog
- completed:
    commit: 0f50a9cfd947885cac7fc392a5295cffe0b3ac31
    git: https://github.com/ku-fpg/netlist
    name: netlist-to-verilog
    pantry-tree:
      sha256: ebf86bcd5c0b1c5bdbef3ec1e5537d0216c0b753e3267ff0e2c3ffbce040a648
      size: 279
    subdir: netlist-to-verilog
    version: 0.1.2
  original:
    commit: 0f50a9cfd947885cac7fc392a5295cffe0b3ac31
    git: https://github.com/ku-fpg/netlist
    subdir: netlist-to-verilog
- completed:
    hackage: pointed-5.0.1@sha256:88a0bca3489733c926f81154769fdc3279b6fb4310b222da4596085cc1ffbe9d,3270
    pantry-tree:
      sha256: 7831852ecbeaf38e8db154adb85e185ff06a7aed68d1493705d2e1aabe9e9ed1
      size: 440
  original:
    hackage: pointed-5.0.1
- completed:
    hackage: keys-3.12.1@sha256:c6f046c5b035017438157323977e1121eb094e548a56e8ab32236192674b3e95,2209
    pantry-tree:
      sha256: 3a8ff50b9141a38b6062e0584f15bf858b700f9a4f7e5db8a8ea705d12a6b6ff
      size: 426
  original:
    hackage: keys-3.12.1
- completed:
    hackage: adjunctions-4.4@sha256:2738dd5f5d5e93749adb14a05472e58a96a75d0f299e46371c6f46dc4e97daf9,3067
    pantry-tree:
      sha256: b9b90a45e77481a8f24baa9b61dbf862199ec736b99344b5c7ae9c905f0425d8
      size: 1560
  original:
    hackage: adjunctions-4.4
- completed:
    hackage: z3-4.3.1@sha256:fae9974759876d147cb4e63a1b83615dcf56b963ae7fcf1b645af455471d2329,4082
    pantry-tree:
      sha256: b1c5c606f5829070ebaa6de949b72bedd3b409b165c8eb6d2f5d60ae41a4e149
      size: 1555
  original:
    hackage: z3-4.3.1
- completed:
    hackage: vector-sized-1.6.1@sha256:f5e8aae4c831fdaec1844bd5f83a06711161dbf69b98bafd7179d43486cad724,1611
    pantry-tree:
      sha256: dc2975d9e606145d81e1dcd2841379a025f202e68a2d48d4ae967b7e3ddcbf08
      size: 1250
  original:
    hackage: vector-sized-1.6.1
- completed:
    hackage: indexed-list-literals-0.2.1.2@sha256:8cca1b63332948ced0cd48d776b103add06de0180d153d60dd69945105af10a5,2464
    pantry-tree:
      sha256: d1890c0ebaaacacd9ec849ed16bc29182314159745658c8c719b6ed684617c68
      size: 341
  original:
    hackage: indexed-list-literals-0.2.1.2
- completed:
    hackage: ghc-typelits-knownnat-0.7.4@sha256:f0af4581223edf0171e2121ab13fe8603952760ecaa0189f70cd351567fbb544,4820
    pantry-tree:
      sha256: 9c71e93d6ba248d6f1668f44489ada40f35c5fced55457ce22cff37e7b30da89
      size: 602
  original:
    hackage: ghc-typelits-knownnat-0.7.4
- completed:
    hackage: ghc-typelits-natnormalise-0.7.1@sha256:dfeb54a04020081604cfe26546d6c7e42ae70ce88df6f8deb3b9b79caaeb883b,3495
    pantry-tree:
      sha256: d8589a0248b40542f793e4a91b5f1010b3d16511b6429b5b3f093ec3a76991fd
      size: 609
  original:
    hackage: ghc-typelits-natnormalise-0.7.1
- completed:
    hackage: newtype-generics-0.5.3@sha256:1b3152921e4a8d8d0e635c30b82a8f4c4cd31d0e7063a81e06e81c4e03e696be,2121
    pantry-tree:
      sha256: d2563b948b0097bcc2e691e17d9898727e4bae516a520cf43e31ab35866f12cf
      size: 561
  original:
    hackage: newtype-generics-0.5.3
- completed:
    hackage: language-glsl-0.3.0@sha256:85c1e7bf2cf5d6e604b7a2899c27e2935033425944db200798e57849e64d4c81,1636
    pantry-tree:
      sha256: 64800d879b2d864171f72a7a717883540a0607d2d5ffb3be3378299fa80fdce5
      size: 582
  original:
    hackage: language-glsl-0.3.0
- completed:
    hackage: NumInstances-1.4@sha256:d498d51e0fb23822706ca5e24944d014fdc1fd55bcd57f075f9797316eec0187,1385
    pantry-tree:
      sha256: c4a9b96f22701fec3ad44e333bdb3c46afe2e5dbeaaa1652f51d276573c58c3c
      size: 616
  original:
    hackage: NumInstances-1.4
snapshots:
- completed:
    sha256: 93a107557e8691ed5ca17beaee41e68222b142c48868fc8c04a4181fb233477d
    size: 587126
    url: https://raw.githubusercontent.com/commercialhaskell/stackage-snapshots/master/lts/18/8.yaml
  original: lts-18.8
